
Microsoft Visual Studio Solution File, Format Version 12.00
Project("{FAE04EC0-301F-11D3-BF4B-00C04F79EFBC}") = "Kebab", "Kebab\Kebab.csproj", "{3DE3136E-7743-4F81-9544-C45D2A50A3BC}"
EndProject
Global
	GlobalSection(SolutionConfigurationPlatforms) = preSolution
		Debug|Any CPU = Debug|Any CPU
		Release|Any CPU = Release|Any CPU
	EndGlobalSection
	GlobalSection(ProjectConfigurationPlatforms) = postSolution
		{3DE3136E-7743-4F81-9544-C45D2A50A3BC}.Debug|Any CPU.ActiveCfg = Debug|Any CPU
		{3DE3136E-7743-4F81-9544-C45D2A50A3BC}.Debug|Any CPU.Build.0 = Debug|Any CPU
		{3DE3136E-7743-4F81-9544-C45D2A50A3BC}.Release|Any CPU.ActiveCfg = Release|Any CPU
		{3DE3136E-7743-4F81-9544-C45D2A50A3BC}.Release|Any CPU.Build.0 = Release|Any CPU
	EndGlobalSection
EndGlobal
